<?xml version="1.0" encoding="UTF-8" standalone="yes" ?>
<CodeBlocks_project_file>
	<FileVersion major="1" minor="6" />
	<Project>
		<Option title="worldrender" />
		<Option pch_mode="2" />
		<Option compiler="gcc" />
		<Build>
			<Target title="Release">
				<Option output="bin/Release/worldrender" prefix_auto="1" extension_auto="1" />
				<Option object_output="obj/Release/" />
				<Option type="1" />
				<Option compiler="gcc" />
				<Compiler>
					<Add option="-O3" />
				</Compiler>
				<Linker>
					<Add option="-s" />
					<Add option="-std=c++17" />
					<Add library="glew32" />
					<Add library="glfw3" />
					<Add library="opengl32" />
					<Add library="gdi32" />
					<Add library="glu32" />
				</Linker>
			</Target>
			<Target title="Debug">
				<Option output="bin/Debug/worldrender" prefix_auto="1" extension_auto="1" />
				<Option object_output="obj/Debug/" />
				<Option type="1" />
				<Option compiler="gcc" />
				<Compiler>
					<Add option="-g" />
				</Compiler>
				<Linker>
					<Add option="-std=c++17" />
					<Add library="glew32" />
					<Add library="glfw3" />
					<Add library="opengl32" />
					<Add library="gdi32" />
					<Add library="glu32" />
				</Linker>
			</Target>
			<Target title="Linux Release">
				<Option output="bin/linux/worldrender" prefix_auto="1" extension_auto="1" />
				<Option object_output="obj/linux/" />
				<Option type="1" />
				<Option compiler="gcc" />
				<Compiler>
					<Add option="-O3" />
				</Compiler>
				<Linker>
					<Add option="-s" />
					<Add option="-std=c++17" />
					<Add library="GLEW" />
					<Add library="glfw" />
					<Add library="GL" />
					<Add library="pthread" />
				</Linker>
			</Target>
			<Target title="Linux Debug">
				<Option output="bin/linux/worldrender" prefix_auto="1" extension_auto="1" />
				<Option object_output="obj/linux/" />
				<Option type="1" />
				<Option compiler="gcc" />
				<Compiler>
					<Add option="-g" />
				</Compiler>
				<Linker>
					<Add option="-std=c++17" />
					<Add library="GLEW" />
					<Add library="glfw" />
					<Add library="GL" />
					<Add library="pthread" />
				</Linker>
			</Target>
		</Build>
		<Compiler>
			<Add option="-Wall" />
		</Compiler>
		<Unit filename="Camera.cpp" />
		<Unit filename="Camera.hpp" />
		<Unit filename="LoadShaders.cpp" />
		<Unit filename="LoadShaders.hpp" />
		<Unit filename="Main.cpp" />
		<Unit filename="NoiseFeedback.cpp" />
		<Unit filename="NoiseFeedback.hpp" />
		<Unit filename="Planet.cpp" />
		<Unit filename="Planet.hpp" />
		<Unit filename="QuadTree.cpp" />
		<Unit filename="QuadTree.hpp" />
		<Unit filename="Shader.hpp" />
		<Unit filename="Textures.hpp" />
		<Unit filename="Utils.hpp" />
		<Unit filename="Verts.hpp" />
		<Unit filename="shader.hpp" />
		<Unit filename="simplex.h" />
		<Unit filename="stb_image.hpp" />
		<Unit filename="transform.glsl" />
		<Unit filename="worldfrag.glsl" />
		<Unit filename="worldtesc.glsl" />
		<Unit filename="worldtese.glsl" />
		<Unit filename="worldvert.glsl" />
		<Extensions>
			<code_completion />
			<envvars />
			<debugger />
		</Extensions>
	</Project>
</CodeBlocks_project_file>
