<?xml version="1.0" encoding="UTF-8" standalone="yes" ?>
<CodeBlocks_project_file>
	<FileVersion major="1" minor="6" />
	<Project>
		<Option title="worldrender" />
		<Option pch_mode="2" />
		<Option compiler="gcc" />
		<Build>
			<Target title="Release">
				<Option output="bin/Release/worldrender" prefix_auto="1" extension_auto="1" />
				<Option object_output="obj/Release/" />
				<Option type="1" />
				<Option compiler="gcc" />
				<Compiler>
					<Add option="-O3" />
				</Compiler>
				<Linker>
					<Add option="-s" />
					<Add option="-std=c++17" />
					<Add library="glew32" />
					<Add library="glfw3" />
					<Add library="opengl32" />
					<Add library="gdi32" />
					<Add library="glu32" />
				</Linker>
			</Target>
			<Target title="Debug">
				<Option output="bin/Debug/worldrender" prefix_auto="1" extension_auto="1" />
				<Option object_output="obj/Debug/" />
				<Option type="1" />
				<Option compiler="gcc" />
				<Compiler>
					<Add option="-g" />
				</Compiler>
				<Linker>
					<Add option="-std=c++17" />
					<Add library="glew32" />
					<Add library="glfw3" />
					<Add library="opengl32" />
					<Add library="gdi32" />
					<Add library="glu32" />
				</Linker>
			</Target>
			<Target title="Linux Release">
				<Option output="bin/linux/worldrender" prefix_auto="1" extension_auto="1" />
				<Option object_output="obj/linux/" />
				<Option type="1" />
				<Option compiler="gcc" />
				<Compiler>
					<Add option="-O3" />
				</Compiler>
				<Linker>
					<Add option="-s" />
					<Add option="-std=c++17" />
					<Add library="GLEW" />
					<Add library="glfw" />
					<Add library="GL" />
					<Add library="pthread" />
				</Linker>
			</Target>
			<Target title="Linux Debug">
				<Option output="bin/linux/worldrender" prefix_auto="1" extension_auto="1" />
				<Option object_output="obj/linux/" />
				<Option type="1" />
				<Option compiler="gcc" />
				<Compiler>
					<Add option="-g" />
				</Compiler>
				<Linker>
					<Add option="-std=c++17" />
					<Add library="GLEW" />
					<Add library="glfw" />
					<Add library="GL" />
					<Add library="pthread" />
				</Linker>
			</Target>
		</Build>
		<Compiler>
			<Add option="-Wall" />
		</Compiler>
		<Unit filename="Camera.cpp" />
		<Unit filename="Culling.cpp" />
		<Unit filename="Frustum.cpp" />
		<Unit filename="LoadShaders.cpp" />
		<Unit filename="Main.cpp" />
		<Unit filename="NoiseFeedback.cpp" />
		<Unit filename="Planet.cpp" />
		<Unit filename="QuadTree.cpp" />
		<Unit filename="include/Camera.hpp" />
		<Unit filename="include/Frustum.hpp" />
		<Unit filename="include/LoadShaders.hpp" />
		<Unit filename="include/NoiseFeedback.hpp" />
		<Unit filename="include/Planet.hpp" />
		<Unit filename="include/QuadTree.hpp" />
		<Unit filename="include/Textures.hpp" />
		<Unit filename="include/Utils.hpp" />
		<Unit filename="include/Verts.hpp" />
		<Unit filename="include/shader.hpp" />
		<Unit filename="include/simplex.h" />
		<Unit filename="include/stb_image.hpp" />
		<Unit filename="shaders/cullingfrag.glsl" />
		<Unit filename="shaders/cullinggeo.glsl" />
		<Unit filename="shaders/cullingvert.glsl" />
		<Unit filename="shaders/skyboxfrag.glsl" />
		<Unit filename="shaders/skyboxvert.glsl" />
		<Unit filename="shaders/transform.glsl" />
		<Unit filename="shaders/worldfrag.glsl" />
		<Unit filename="shaders/worldtesc.glsl" />
		<Unit filename="shaders/worldtese.glsl" />
		<Unit filename="shaders/worldvert.glsl" />
		<Unit filename="transform.glsl" />
		<Unit filename="worldfrag.glsl" />
		<Unit filename="worldtesc.glsl" />
		<Unit filename="worldtese.glsl" />
		<Unit filename="worldvert.glsl" />
		<Extensions>
			<code_completion />
			<envvars />
			<debugger />
		</Extensions>
	</Project>
</CodeBlocks_project_file>
